<?xml version="1.0" encoding="utf-8"?>
<Project ToolsVersion="4.0" xmlns="http://schemas.microsoft.com/developer/msbuild/2003">
  <ItemGroup>
    <Filter Include="Resource Files">
      <UniqueIdentifier>{1a913106-0be0-4476-b0ce-2aa855072614}</UniqueIdentifier>
      <Extensions>ico;cur;bmp;dlg;rc2;rct;bin;cnt;rtf;gif;jpg;jpeg;jpe</Extensions>
    </Filter>
    <Filter Include="MFC">
      <UniqueIdentifier>{da904ee8-7f59-4a6c-b3ff-b91b6fb6d0ea}</UniqueIdentifier>
    </Filter>
    <Filter Include="GameLibrary">
      <UniqueIdentifier>{df7aa532-3fdf-46a0-b3fc-8f5922e8d9e4}</UniqueIdentifier>
    </Filter>
    <Filter Include="MyGame">
      <UniqueIdentifier>{0c798913-b7d2-4e26-8241-0f83266cd626}</UniqueIdentifier>
    </Filter>
  </ItemGroup>
  <ItemGroup>
    <None Include="res\game.rc2">
      <Filter>Resource Files</Filter>
    </None>
    <None Include="RES\gamecurs.cur">
      <Filter>Resource Files</Filter>
    </None>
    <None Include="RES\loading.bmp">
      <Filter>Resource Files</Filter>
    </None>
    <None Include="res\Toolbar.bmp">
      <Filter>Resource Files</Filter>
    </None>
  </ItemGroup>
  <ItemGroup>
    <ClCompile Include="Source\audio.cpp">
      <Filter>GameLibrary</Filter>
    </ClCompile>
    <ClCompile Include="Source\game.cpp">
      <Filter>MFC</Filter>
    </ClCompile>
    <ClCompile Include="Source\gameDoc.cpp">
      <Filter>MFC</Filter>
    </ClCompile>
    <ClCompile Include="Source\gamelib.cpp">
      <Filter>GameLibrary</Filter>
    </ClCompile>
    <ClCompile Include="Source\gameView.cpp">
      <Filter>MFC</Filter>
    </ClCompile>
    <ClCompile Include="Source\MainFrm.cpp">
      <Filter>MFC</Filter>
    </ClCompile>
    <ClCompile Include="Source\StdAfx.cpp">
      <Filter>MFC</Filter>
    </ClCompile>
    <ClCompile Include="Source\mygame.cpp">
      <Filter>MyGame</Filter>
    </ClCompile>
    <ClCompile Include="Source\King.cpp">
      <Filter>MyGame</Filter>
    </ClCompile>
    <ClCompile Include="Source\Map.cpp">
      <Filter>MyGame</Filter>
    </ClCompile>
    <ClCompile Include="Source\Begin.cpp">
      <Filter>MyGame</Filter>
    </ClCompile>
  </ItemGroup>
  <ItemGroup>
    <ClInclude Include="Source\audio.h">
      <Filter>GameLibrary</Filter>
    </ClInclude>
    <ClInclude Include="Source\game.h">
      <Filter>MFC</Filter>
    </ClInclude>
    <ClInclude Include="Source\gameDoc.h">
      <Filter>MFC</Filter>
    </ClInclude>
    <ClInclude Include="Source\gamelib.h">
      <Filter>GameLibrary</Filter>
    </ClInclude>
    <ClInclude Include="Source\gameView.h">
      <Filter>MFC</Filter>
    </ClInclude>
    <ClInclude Include="Source\MainFrm.h">
      <Filter>MFC</Filter>
    </ClInclude>
    <ClInclude Include="Source\Resource.h">
      <Filter>MFC</Filter>
    </ClInclude>
    <ClInclude Include="Source\StdAfx.h">
      <Filter>MFC</Filter>
    </ClInclude>
    <ClInclude Include="Source\mygame.h">
      <Filter>MyGame</Filter>
    </ClInclude>
    <ClInclude Include="Source\King.h">
      <Filter>MyGame</Filter>
    </ClInclude>
    <ClInclude Include="Source\Map.h">
      <Filter>MyGame</Filter>
    </ClInclude>
    <ClInclude Include="Source\Begin.h">
      <Filter>MyGame</Filter>
    </ClInclude>
    <ClInclude Include="Source\GameAudio.h">
      <Filter>MyGame</Filter>
    </ClInclude>
  </ItemGroup>
  <ItemGroup>
    <ResourceCompile Include="Source\game.rc">
      <Filter>MFC</Filter>
    </ResourceCompile>
  </ItemGroup>
  <ItemGroup>
    <Image Include="RES\1.bmp">
      <Filter>Resource Files</Filter>
    </Image>
    <Image Include="RES\logo.bmp">
      <Filter>Resource Files</Filter>
    </Image>
    <Image Include="res\game.ico">
      <Filter>Resource Files</Filter>
    </Image>
    <Image Include="RES\continue.bmp">
      <Filter>Resource Files</Filter>
    </Image>
    <Image Include="res\gameDoc.ico">
      <Filter>Resource Files</Filter>
    </Image>
    <Image Include="RES\king01.bmp">
      <Filter>Resource Files</Filter>
    </Image>
    <Image Include="RES\king02.bmp">
      <Filter>Resource Files</Filter>
    </Image>
    <Image Include="RES\king03.bmp">
      <Filter>Resource Files</Filter>
    </Image>
    <Image Include="RES\king04.bmp">
      <Filter>Resource Files</Filter>
    </Image>
    <Image Include="RES\king14.bmp">
      <Filter>Resource Files</Filter>
    </Image>
    <Image Include="..\..\..\..\Downloads\fg1.bmp">
      <Filter>Resource Files</Filter>
    </Image>
    <Image Include="RES\king04L.bmp">
      <Filter>Resource Files</Filter>
    </Image>
    <Image Include="RES\fg1.bmp">
      <Filter>Resource Files</Filter>
    </Image>
    <Image Include="RES\logoenter.bmp">
      <Filter>Resource Files</Filter>
    </Image>
    <Image Include="RES\2.bmp">
      <Filter>Resource Files</Filter>
    </Image>
    <Image Include="RES\fg2.bmp">
      <Filter>Resource Files</Filter>
    </Image>
    <Image Include="RES\king11.bmp">
      <Filter>Resource Files</Filter>
    </Image>
    <Image Include="RES\king12.bmp">
      <Filter>Resource Files</Filter>
    </Image>
    <Image Include="RES\king13.bmp">
      <Filter>Resource Files</Filter>
    </Image>
    <Image Include="RES\king31.bmp">
      <Filter>Resource Files</Filter>
    </Image>
    <Image Include="RES\king01L.bmp">
      <Filter>Resource Files</Filter>
    </Image>
    <Image Include="RES\king02L.bmp">
      <Filter>Resource Files</Filter>
    </Image>
    <Image Include="RES\king03L.bmp">
      <Filter>Resource Files</Filter>
    </Image>
    <Image Include="RES\king12L.bmp">
      <Filter>Resource Files</Filter>
    </Image>
    <Image Include="RES\king13L.bmp">
      <Filter>Resource Files</Filter>
    </Image>
    <Image Include="RES\king31L.bmp">
      <Filter>Resource Files</Filter>
    </Image>
    <Image Include="RES\3.bmp">
      <Filter>Resource Files</Filter>
    </Image>
    <Image Include="RES\4.bmp">
      <Filter>Resource Files</Filter>
    </Image>
    <Image Include="RES\5.bmp">
      <Filter>Resource Files</Filter>
    </Image>
    <Image Include="RES\6.bmp">
      <Filter>Resource Files</Filter>
    </Image>
    <Image Include="RES\fg3.bmp">
      <Filter>Resource Files</Filter>
    </Image>
    <Image Include="RES\fg4.bmp">
      <Filter>Resource Files</Filter>
    </Image>
    <Image Include="RES\fg5.bmp">
      <Filter>Resource Files</Filter>
    </Image>
    <Image Include="RES\fg6.bmp">
      <Filter>Resource Files</Filter>
    </Image>
    <Image Include="RES\bg4.bmp">
      <Filter>Resource Files</Filter>
    </Image>
    <Image Include="RES\bg5.bmp">
      <Filter>Resource Files</Filter>
    </Image>
    <Image Include="RES\bg6.bmp">
      <Filter>Resource Files</Filter>
    </Image>
    <Image Include="RES\7.bmp">
      <Filter>Resource Files</Filter>
    </Image>
    <Image Include="RES\8.bmp">
      <Filter>Resource Files</Filter>
    </Image>
    <Image Include="RES\imagecrown.bmp">
      <Filter>Resource Files</Filter>
    </Image>
    <Image Include="RES\9.bmp">
      <Filter>Resource Files</Filter>
    </Image>
    <Image Include="RES\10.bmp">
      <Filter>Resource Files</Filter>
    </Image>
    <Image Include="RES\11.bmp">
      <Filter>Resource Files</Filter>
    </Image>
    <Image Include="RES\12.bmp">
      <Filter>Resource Files</Filter>
    </Image>
    <Image Include="RES\13.bmp">
      <Filter>Resource Files</Filter>
    </Image>
    <Image Include="RES\14.bmp">
      <Filter>Resource Files</Filter>
    </Image>
    <Image Include="RES\15.bmp">
      <Filter>Resource Files</Filter>
    </Image>
    <Image Include="RES\16.bmp">
      <Filter>Resource Files</Filter>
    </Image>
    <Image Include="RES\17.bmp">
      <Filter>Resource Files</Filter>
    </Image>
    <Image Include="RES\18.bmp">
      <Filter>Resource Files</Filter>
    </Image>
    <Image Include="RES\19.bmp">
      <Filter>Resource Files</Filter>
    </Image>
    <Image Include="RES\20.bmp">
      <Filter>Resource Files</Filter>
    </Image>
    <Image Include="RES\bg14.bmp">
      <Filter>Resource Files</Filter>
    </Image>
    <Image Include="RES\bg15.bmp">
      <Filter>Resource Files</Filter>
    </Image>
    <Image Include="RES\bg16.bmp">
      <Filter>Resource Files</Filter>
    </Image>
    <Image Include="RES\bg17.bmp">
      <Filter>Resource Files</Filter>
    </Image>
    <Image Include="RES\bg18.bmp">
      <Filter>Resource Files</Filter>
    </Image>
    <Image Include="RES\bg19.bmp">
      <Filter>Resource Files</Filter>
    </Image>
    <Image Include="RES\bg20.bmp">
      <Filter>Resource Files</Filter>
    </Image>
    <Image Include="RES\fg17.bmp">
      <Filter>Resource Files</Filter>
    </Image>
    <Image Include="RES\fg18.bmp">
      <Filter>Resource Files</Filter>
    </Image>
    <Image Include="RES\fg16.bmp">
      <Filter>Resource Files</Filter>
    </Image>
    <Image Include="RES\fg10.bmp">
      <Filter>Resource Files</Filter>
    </Image>
    <Image Include="RES\fg9.bmp">
      <Filter>Resource Files</Filter>
    </Image>
    <Image Include="RES\21.bmp">
      <Filter>Resource Files</Filter>
    </Image>
    <Image Include="RES\22.bmp">
      <Filter>Resource Files</Filter>
    </Image>
    <Image Include="RES\23.bmp">
      <Filter>Resource Files</Filter>
    </Image>
    <Image Include="RES\24.bmp">
      <Filter>Resource Files</Filter>
    </Image>
    <Image Include="RES\25.bmp">
      <Filter>Resource Files</Filter>
    </Image>
    <Image Include="RES\26.bmp">
      <Filter>Resource Files</Filter>
    </Image>
    <Image Include="RES\27.bmp">
      <Filter>Resource Files</Filter>
    </Image>
    <Image Include="RES\28.bmp">
      <Filter>Resource Files</Filter>
    </Image>
    <Image Include="RES\29.bmp">
      <Filter>Resource Files</Filter>
    </Image>
    <Image Include="RES\30.bmp">
      <Filter>Resource Files</Filter>
    </Image>
    <Image Include="RES\31.bmp">
      <Filter>Resource Files</Filter>
    </Image>
    <Image Include="RES\32.bmp">
      <Filter>Resource Files</Filter>
    </Image>
    <Image Include="RES\33.bmp">
      <Filter>Resource Files</Filter>
    </Image>
    <Image Include="RES\34.bmp">
      <Filter>Resource Files</Filter>
    </Image>
    <Image Include="RES\35.bmp">
      <Filter>Resource Files</Filter>
    </Image>
    <Image Include="RES\36.bmp">
      <Filter>Resource Files</Filter>
    </Image>
    <Image Include="RES\37.bmp">
      <Filter>Resource Files</Filter>
    </Image>
    <Image Include="RES\38.bmp">
      <Filter>Resource Files</Filter>
    </Image>
    <Image Include="RES\39.bmp">
      <Filter>Resource Files</Filter>
    </Image>
    <Image Include="RES\40.bmp">
      <Filter>Resource Files</Filter>
    </Image>
    <Image Include="RES\41.bmp">
      <Filter>Resource Files</Filter>
    </Image>
    <Image Include="RES\42.bmp">
      <Filter>Resource Files</Filter>
    </Image>
    <Image Include="RES\43.bmp">
      <Filter>Resource Files</Filter>
    </Image>
    <Image Include="RES\bg21.bmp">
      <Filter>Resource Files</Filter>
    </Image>
    <Image Include="RES\bg22.bmp">
      <Filter>Resource Files</Filter>
    </Image>
    <Image Include="RES\bg23.bmp">
      <Filter>Resource Files</Filter>
    </Image>
    <Image Include="RES\bg24.bmp">
      <Filter>Resource Files</Filter>
    </Image>
    <Image Include="RES\bg25.bmp">
      <Filter>Resource Files</Filter>
    </Image>
    <Image Include="RES\bg26.bmp">
      <Filter>Resource Files</Filter>
    </Image>
    <Image Include="RES\bg27.bmp">
      <Filter>Resource Files</Filter>
    </Image>
    <Image Include="RES\bg28.bmp">
      <Filter>Resource Files</Filter>
    </Image>
    <Image Include="RES\bg29.bmp">
      <Filter>Resource Files</Filter>
    </Image>
    <Image Include="RES\bg30.bmp">
      <Filter>Resource Files</Filter>
    </Image>
    <Image Include="RES\bg31.bmp">
      <Filter>Resource Files</Filter>
    </Image>
    <Image Include="RES\bg32.bmp">
      <Filter>Resource Files</Filter>
    </Image>
    <Image Include="RES\bg36.bmp">
      <Filter>Resource Files</Filter>
    </Image>
    <Image Include="RES\bg37.bmp">
      <Filter>Resource Files</Filter>
    </Image>
    <Image Include="RES\bg38.bmp">
      <Filter>Resource Files</Filter>
    </Image>
    <Image Include="RES\bg39.bmp">
      <Filter>Resource Files</Filter>
    </Image>
    <Image Include="RES\bg40.bmp">
      <Filter>Resource Files</Filter>
    </Image>
    <Image Include="RES\bg41.bmp">
      <Filter>Resource Files</Filter>
    </Image>
    <Image Include="RES\bg42.bmp">
      <Filter>Resource Files</Filter>
    </Image>
    <Image Include="RES\bg43.bmp">
      <Filter>Resource Files</Filter>
    </Image>
    <Image Include="RES\fg21.bmp">
      <Filter>Resource Files</Filter>
    </Image>
    <Image Include="RES\fg22.bmp">
      <Filter>Resource Files</Filter>
    </Image>
    <Image Include="RES\fg25.bmp">
      <Filter>Resource Files</Filter>
    </Image>
    <Image Include="RES\fg26.bmp">
      <Filter>Resource Files</Filter>
    </Image>
    <Image Include="RES\fg27.bmp">
      <Filter>Resource Files</Filter>
    </Image>
    <Image Include="RES\fg28.bmp">
      <Filter>Resource Files</Filter>
    </Image>
    <Image Include="RES\fg29.bmp">
      <Filter>Resource Files</Filter>
    </Image>
    <Image Include="RES\fg30.bmp">
      <Filter>Resource Files</Filter>
    </Image>
    <Image Include="RES\fg31.bmp">
      <Filter>Resource Files</Filter>
    </Image>
    <Image Include="RES\fg32.bmp">
      <Filter>Resource Files</Filter>
    </Image>
    <Image Include="RES\fg36.bmp">
      <Filter>Resource Files</Filter>
    </Image>
    <Image Include="RES\fg37.bmp">
      <Filter>Resource Files</Filter>
    </Image>
    <Image Include="RES\fg38.bmp">
      <Filter>Resource Files</Filter>
    </Image>
    <Image Include="RES\fg39.bmp">
      <Filter>Resource Files</Filter>
    </Image>
    <Image Include="RES\fg40.bmp">
      <Filter>Resource Files</Filter>
    </Image>
    <Image Include="RES\fg43.bmp">
      <Filter>Resource Files</Filter>
    </Image>
    <Image Include="RES\about.bmp">
      <Filter>Resource Files</Filter>
    </Image>
  </ItemGroup>
</Project>